
Microsoft Visual Studio Solution File, Format Version 12.00
# Visual Studio Version 17
VisualStudioVersion = 17.10.35027.167
MinimumVisualStudioVersion = 10.0.40219.1
Project("{FAE04EC0-301F-11D3-BF4B-00C04F79EFBC}") = "DiscriminatorSamples", "DiscriminatorSamples\DiscriminatorSamples.csproj", "{CFB1A3D0-A45F-48E1-8509-64383E92B4EE}"
EndProject
Global
	GlobalSection(SolutionConfigurationPlatforms) = preSolution
		Debug|Any CPU = Debug|Any CPU
		Release|Any CPU = Release|Any CPU
	EndGlobalSection
	GlobalSection(ProjectConfigurationPlatforms) = postSolution
		{CFB1A3D0-A45F-48E1-8509-64383E92B4EE}.Debug|Any CPU.ActiveCfg = Debug|Any CPU
		{CFB1A3D0-A45F-48E1-8509-64383E92B4EE}.Debug|Any CPU.Build.0 = Debug|Any CPU
		{CFB1A3D0-A45F-48E1-8509-64383E92B4EE}.Release|Any CPU.ActiveCfg = Release|Any CPU
		{CFB1A3D0-A45F-48E1-8509-64383E92B4EE}.Release|Any CPU.Build.0 = Release|Any CPU
	EndGlobalSection
	GlobalSection(SolutionProperties) = preSolution
		HideSolutionNode = FALSE
	EndGlobalSection
	GlobalSection(ExtensibilityGlobals) = postSolution
		SolutionGuid = {7B8B4A8F-14D9-49FE-95B2-1348AE009407}
	EndGlobalSection
EndGlobal
